version = 1
requires-python = ">=3.8"

[[package]]
name = "customtkinter"
version = "5.2.2"
source = { registry = "https://pypi.org/simple" }
dependencies = [
    { name = "darkdetect" },
    { name = "packaging" },
]
sdist = { url = "https://files.pythonhosted.org/packages/cf/48/c5a9d44188c44702e1e3db493c741e9c779596835a761b819fe15431d163/customtkinter-5.2.2.tar.gz", hash = "sha256:fd8db3bafa961c982ee6030dba80b4c2e25858630756b513986db19113d8d207", size = 261999 }
wheels = [
    { url = "https://files.pythonhosted.org/packages/3b/b1/b43b33001a77256b335511e75f257d001082350b8506c8807f30c98db052/customtkinter-5.2.2-py3-none-any.whl", hash = "sha256:14ad3e7cd3cb3b9eb642b9d4e8711ae80d3f79fb82545ad11258eeffb2e6b37c", size = 296062 },
]

[[package]]
name = "darkdetect"
version = "0.8.0"
source = { registry = "https://pypi.org/simple" }
sdist = { url = "https://files.pythonhosted.org/packages/45/77/7575be73bf12dee231d0c6e60ce7fb7a7be4fcd58823374fc59a6e48262e/darkdetect-0.8.0.tar.gz", hash = "sha256:b5428e1170263eb5dea44c25dc3895edd75e6f52300986353cd63533fe7df8b1", size = 7681 }
wheels = [
    { url = "https://files.pythonhosted.org/packages/f2/f2/728f041460f1b9739b85ee23b45fa5a505962ea11fd85bdbe2a02b021373/darkdetect-0.8.0-py3-none-any.whl", hash = "sha256:a7509ccf517eaad92b31c214f593dbcf138ea8a43b2935406bbd565e15527a85", size = 8955 },
]

[[package]]
name = "nodemon"
version = "0.0.17"
source = { editable = "." }
dependencies = [
    { name = "customtkinter" },
]

[package.metadata]
requires-dist = [{ name = "customtkinter", specifier = ">=5.2.2" }]

[[package]]
name = "packaging"
version = "25.0"
source = { registry = "https://pypi.org/simple" }
sdist = { url = "https://files.pythonhosted.org/packages/a1/d4/1fc4078c65507b51b96ca8f8c3ba19e6a61c8253c72794544580a7b6c24d/packaging-25.0.tar.gz", hash = "sha256:d443872c98d677bf60f6a1f2f8c1cb748e8fe762d2bf9d3148b5599295b0fc4f", size = 165727 }
wheels = [
    { url = "https://files.pythonhosted.org/packages/20/12/38679034af332785aac8774540895e234f4d07f7545804097de4b666afd8/packaging-25.0-py3-none-any.whl", hash = "sha256:29572ef2b1f17581046b3a2227d5c611fb25ec70ca1ba8554b24b0e69331a484", size = 66469 },
]
